{
  "name": "express-ts-gen",
  "version": "1.0.1",
  "lockfileVersion": 2,
  "requires": true,
  "packages": {
    "": {
      "name": "express-ts-gen",
      "version": "1.0.1",
      "license": "MIT",
      "dependencies": {
        "express-ts-gen": "^1.0.0"
      },
      "bin": {
        "express-ts-gen": "bin/cli.js"
      }
    },
    "node_modules/express-ts-gen": {
      "version": "1.0.0",
      "resolved": "https://registry.npmjs.org/express-ts-gen/-/express-ts-gen-1.0.0.tgz",
      "integrity": "sha512-BZHnIf133F8EwV5V2RF0Z5pSJhoCj2xBauBJv+8FGRcPcfFI+my/ruEVWG9E1fW3H1mb6Y+Vp2ox2sk2GjhduQ==",
      "bin": {
        "express-ts-gen": "bin/cli.js"
      }
    }
  },
  "dependencies": {
    "express-ts-gen": {
      "version": "1.0.0",
      "resolved": "https://registry.npmjs.org/express-ts-gen/-/express-ts-gen-1.0.0.tgz",
      "integrity": "sha512-BZHnIf133F8EwV5V2RF0Z5pSJhoCj2xBauBJv+8FGRcPcfFI+my/ruEVWG9E1fW3H1mb6Y+Vp2ox2sk2GjhduQ=="
    }
  }
}
